// !$*UTF8*$!
{
	archiveVersion = 1;
	classes = {
	};
	objectVersion = 48;
	objects = {

/* Begin PBXBuildFile section */
		29BBF1703EF7C45A40E376B6 /* libPods-TD.a in Frameworks */ = {isa = PBXBuildFile; fileRef = 8A20FCB4457DC10C6ADEB7C4 /* libPods-TD.a */; };
		2CB0B1711FD4F50700027E23 /* redessociales.jpg in Resources */ = {isa = PBXBuildFile; fileRef = 2CB0B16B1FD4F50700027E23 /* redessociales.jpg */; };
		2CB0B1721FD4F50700027E23 /* vehiculosautonomos.jpg in Resources */ = {isa = PBXBuildFile; fileRef = 2CB0B16C1FD4F50700027E23 /* vehiculosautonomos.jpg */; };
		2CB0B1731FD4F50700027E23 /* bigdata.jpg in Resources */ = {isa = PBXBuildFile; fileRef = 2CB0B16D1FD4F50700027E23 /* bigdata.jpg */; };
		2CB0B1741FD4F50700027E23 /* drones.png in Resources */ = {isa = PBXBuildFile; fileRef = 2CB0B16E1FD4F50700027E23 /* drones.png */; };
		2CB0B1751FD4F50700027E23 /* impresion3d.jpg in Resources */ = {isa = PBXBuildFile; fileRef = 2CB0B16F1FD4F50700027E23 /* impresion3d.jpg */; };
		2CB0B1761FD4F50700027E23 /* IoT.jpg in Resources */ = {isa = PBXBuildFile; fileRef = 2CB0B1701FD4F50700027E23 /* IoT.jpg */; };
		3BCEBA791FD8E92C00A7D858 /* ic_keyboard_arrow_left.png in Resources */ = {isa = PBXBuildFile; fileRef = 3BCEBA751FD8E92800A7D858 /* ic_keyboard_arrow_left.png */; };
		3BCEBA7A1FD8E92C00A7D858 /* ic_group.png in Resources */ = {isa = PBXBuildFile; fileRef = 3BCEBA771FD8E92900A7D858 /* ic_group.png */; };
		3BCEBA7B1FD8E92D00A7D858 /* InComSpace.jpg in Resources */ = {isa = PBXBuildFile; fileRef = 3BCEBA241FD8E8CB00A7D858 /* InComSpace.jpg */; };
		3BCEBA7C1FD8E92D00A7D858 /* THALES.png in Resources */ = {isa = PBXBuildFile; fileRef = 3BCEBA251FD8E8CC00A7D858 /* THALES.png */; };
		3BCEBA7D1FD8E92D00A7D858 /* IBM.png in Resources */ = {isa = PBXBuildFile; fileRef = 3BCEBA261FD8E8CE00A7D858 /* IBM.png */; };
		3BCEBA7E1FD8E92D00A7D858 /* UMG.jpg in Resources */ = {isa = PBXBuildFile; fileRef = 3BCEBA271FD8E8CF00A7D858 /* UMG.jpg */; };
		3BCEBA7F1FD8E92D00A7D858 /* Telefonica.png in Resources */ = {isa = PBXBuildFile; fileRef = 3BCEBA281FD8E8CF00A7D858 /* Telefonica.png */; };
		3BCEBA801FD8E92D00A7D858 /* IJALTI.png in Resources */ = {isa = PBXBuildFile; fileRef = 3BCEBA291FD8E8D000A7D858 /* IJALTI.png */; };
		3BCEBA811FD8E92D00A7D858 /* Volteo.jpg in Resources */ = {isa = PBXBuildFile; fileRef = 3BCEBA2A1FD8E8D100A7D858 /* Volteo.jpg */; };
		3BCEBA821FD8E92D00A7D858 /* SOFTTEK.png in Resources */ = {isa = PBXBuildFile; fileRef = 3BCEBA2B1FD8E8D200A7D858 /* SOFTTEK.png */; };
		3BCEBA831FD8E92D00A7D858 /* ITESO.png in Resources */ = {isa = PBXBuildFile; fileRef = 3BCEBA2C1FD8E8D300A7D858 /* ITESO.png */; };
		3BCEBA841FD8E92D00A7D858 /* LuxSoft.png in Resources */ = {isa = PBXBuildFile; fileRef = 3BCEBA2D1FD8E8D400A7D858 /* LuxSoft.png */; };
		3BCEBA851FD8E92D00A7D858 /* Sanmina.png in Resources */ = {isa = PBXBuildFile; fileRef = 3BCEBA2E1FD8E8D500A7D858 /* Sanmina.png */; };
		3BCEBA861FD8E92D00A7D858 /* UP.png in Resources */ = {isa = PBXBuildFile; fileRef = 3BCEBA2F1FD8E8D600A7D858 /* UP.png */; };
		3BCEBA871FD8E92D00A7D858 /* startip.png in Resources */ = {isa = PBXBuildFile; fileRef = 3BCEBA301FD8E8D600A7D858 /* startip.png */; };
		3BCEBA881FD8E92D00A7D858 /* ConsuladoUSA.png in Resources */ = {isa = PBXBuildFile; fileRef = 3BCEBA311FD8E8D700A7D858 /* ConsuladoUSA.png */; };
		3BCEBA891FD8E92D00A7D858 /* Ooyala.jpg in Resources */ = {isa = PBXBuildFile; fileRef = 3BCEBA321FD8E8D800A7D858 /* Ooyala.jpg */; };
		3BCEBA8A1FD8E92D00A7D858 /* ITESM.png in Resources */ = {isa = PBXBuildFile; fileRef = 3BCEBA331FD8E8D900A7D858 /* ITESM.png */; };
		3BCEBA8B1FD8E92D00A7D858 /* TEC Monte.png in Resources */ = {isa = PBXBuildFile; fileRef = 3BCEBA341FD8E8DA00A7D858 /* TEC Monte.png */; };
		3BCEBA8C1FD8E92D00A7D858 /* Telcel.png in Resources */ = {isa = PBXBuildFile; fileRef = 3BCEBA351FD8E8DB00A7D858 /* Telcel.png */; };
		3BCEBA8D1FD8E92D00A7D858 /* UAG.png in Resources */ = {isa = PBXBuildFile; fileRef = 3BCEBA361FD8E8DB00A7D858 /* UAG.png */; };
		3BCEBA8E1FD8E92D00A7D858 /* CIIOT.jpg in Resources */ = {isa = PBXBuildFile; fileRef = 3BCEBA371FD8E8DC00A7D858 /* CIIOT.jpg */; };
		3BCEBA8F1FD8E92D00A7D858 /* Hackers and Founders.png in Resources */ = {isa = PBXBuildFile; fileRef = 3BCEBA381FD8E8DD00A7D858 /* Hackers and Founders.png */; };
		3BCEBA901FD8E92D00A7D858 /* CIDE.png in Resources */ = {isa = PBXBuildFile; fileRef = 3BCEBA391FD8E8DE00A7D858 /* CIDE.png */; };
		3BCEBA911FD8E92D00A7D858 /* HCL.png in Resources */ = {isa = PBXBuildFile; fileRef = 3BCEBA3A1FD8E8DF00A7D858 /* HCL.png */; };
		3BCEBA921FD8E92D00A7D858 /* Megacable.png in Resources */ = {isa = PBXBuildFile; fileRef = 3BCEBA3B1FD8E8E000A7D858 /* Megacable.png */; };
		3BCEBA931FD8E92D00A7D858 /* Engie.png in Resources */ = {isa = PBXBuildFile; fileRef = 3BCEBA3C1FD8E8E100A7D858 /* Engie.png */; };
		3BCEBA941FD8E92D00A7D858 /* BBVA_Bancomer.png in Resources */ = {isa = PBXBuildFile; fileRef = 3BCEBA3D1FD8E8E200A7D858 /* BBVA_Bancomer.png */; };
		3BCEBA951FD8E92D00A7D858 /* Microsoft.png in Resources */ = {isa = PBXBuildFile; fileRef = 3BCEBA3E1FD8E8E200A7D858 /* Microsoft.png */; };
		3BCEBA961FD8E92D00A7D858 /* EVOLUTEL.png in Resources */ = {isa = PBXBuildFile; fileRef = 3BCEBA3F1FD8E8E300A7D858 /* EVOLUTEL.png */; };
		3BCEBA971FD8E92D00A7D858 /* ORACLE.png in Resources */ = {isa = PBXBuildFile; fileRef = 3BCEBA401FD8E8E400A7D858 /* ORACLE.png */; };
		3BCEBA981FD8E92D00A7D858 /* Infineon.png in Resources */ = {isa = PBXBuildFile; fileRef = 3BCEBA411FD8E8E500A7D858 /* Infineon.png */; };
		3BCEBA991FD8E92D00A7D858 /* Hemac.png in Resources */ = {isa = PBXBuildFile; fileRef = 3BCEBA421FD8E8E600A7D858 /* Hemac.png */; };
		3BCEBA9A1FD8E92D00A7D858 /* Meetroopers.png in Resources */ = {isa = PBXBuildFile; fileRef = 3BCEBA431FD8E8E700A7D858 /* Meetroopers.png */; };
		3BCEBA9B1FD8E92D00A7D858 /* CINVESTAV.gif in Resources */ = {isa = PBXBuildFile; fileRef = 3BCEBA441FD8E8E800A7D858 /* CINVESTAV.gif */; };
		3BCEBA9C1FD8E92D00A7D858 /* IDC.png in Resources */ = {isa = PBXBuildFile; fileRef = 3BCEBA451FD8E8E900A7D858 /* IDC.png */; };
		3BCEBA9D1FD8E92D00A7D858 /* IOTNET.png in Resources */ = {isa = PBXBuildFile; fileRef = 3BCEBA461FD8E8EA00A7D858 /* IOTNET.png */; };
		3BCEBA9E1FD8E92D00A7D858 /* CUCEI.png in Resources */ = {isa = PBXBuildFile; fileRef = 3BCEBA471FD8E8EB00A7D858 /* CUCEI.png */; };
		3BCEBA9F1FD8E92D00A7D858 /* Intkno.png in Resources */ = {isa = PBXBuildFile; fileRef = 3BCEBA481FD8E8EC00A7D858 /* Intkno.png */; };
		3BCEBAA01FD8E92D00A7D858 /* CANIETI.png in Resources */ = {isa = PBXBuildFile; fileRef = 3BCEBA491FD8E8ED00A7D858 /* CANIETI.png */; };
		3BCEBAA11FD8E92D00A7D858 /* NXP.png in Resources */ = {isa = PBXBuildFile; fileRef = 3BCEBA4A1FD8E8EE00A7D858 /* NXP.png */; };
		3BCEBAA21FD8E92D00A7D858 /* STMicro.png in Resources */ = {isa = PBXBuildFile; fileRef = 3BCEBA4B1FD8E8EF00A7D858 /* STMicro.png */; };
		3BCEBAA31FD8E92D00A7D858 /* Persistent.png in Resources */ = {isa = PBXBuildFile; fileRef = 3BCEBA4C1FD8E8F000A7D858 /* Persistent.png */; };
		3BCEBAA41FD8E92D00A7D858 /* Citelum.gif in Resources */ = {isa = PBXBuildFile; fileRef = 3BCEBA4D1FD8E8F100A7D858 /* Citelum.gif */; };
		3BCEBAA51FD8E92D00A7D858 /* HPE.png in Resources */ = {isa = PBXBuildFile; fileRef = 3BCEBA4E1FD8E8F200A7D858 /* HPE.png */; };
		3BCEBAA61FD8E92D00A7D858 /* GARTNER.png in Resources */ = {isa = PBXBuildFile; fileRef = 3BCEBA4F1FD8E8F300A7D858 /* GARTNER.png */; };
		3BCEBAA71FD8E92D00A7D858 /* Interlatin.png in Resources */ = {isa = PBXBuildFile; fileRef = 3BCEBA501FD8E8F400A7D858 /* Interlatin.png */; };
		3BCEBAA81FD8E92D00A7D858 /* cucea.png in Resources */ = {isa = PBXBuildFile; fileRef = 3BCEBA511FD8E8F400A7D858 /* cucea.png */; };
		3BCEBAA91FD8E92D00A7D858 /* ccd.png in Resources */ = {isa = PBXBuildFile; fileRef = 3BCEBA521FD8E8F500A7D858 /* ccd.png */; };
		3BCEBAAA1FD8E92D00A7D858 /* WIZELINE.png in Resources */ = {isa = PBXBuildFile; fileRef = 3BCEBA531FD8E8F600A7D858 /* WIZELINE.png */; };
		3BCEBAAB1FD8E92D00A7D858 /* CISCO.png in Resources */ = {isa = PBXBuildFile; fileRef = 3BCEBA541FD8E8F700A7D858 /* CISCO.png */; };
		3BCEBAAC1FD8E92D00A7D858 /* AMDOCS.png in Resources */ = {isa = PBXBuildFile; fileRef = 3BCEBA551FD8E8F800A7D858 /* AMDOCS.png */; };
		3BCEBAAD1FD8E92D00A7D858 /* CUTonala.jpg in Resources */ = {isa = PBXBuildFile; fileRef = 3BCEBA561FD8E8F900A7D858 /* CUTonala.jpg */; };
		3BCEBAAE1FD8E92D00A7D858 /* SICYT.jpg in Resources */ = {isa = PBXBuildFile; fileRef = 3BCEBA571FD8E8FA00A7D858 /* SICYT.jpg */; };
		3BCEBAAF1FD8E92D00A7D858 /* GOPAC.png in Resources */ = {isa = PBXBuildFile; fileRef = 3BCEBA581FD8E8FB00A7D858 /* GOPAC.png */; };
		3BCEBAB01FD8E92D00A7D858 /* UNIVA.png in Resources */ = {isa = PBXBuildFile; fileRef = 3BCEBA591FD8E8FC00A7D858 /* UNIVA.png */; };
		3BCEBAB11FD8E92D00A7D858 /* BOSCH.png in Resources */ = {isa = PBXBuildFile; fileRef = 3BCEBA5A1FD8E8FD00A7D858 /* BOSCH.png */; };
		3BCEBAB21FD8E92D00A7D858 /* COGNIZANT.png in Resources */ = {isa = PBXBuildFile; fileRef = 3BCEBA5B1FD8E8FE00A7D858 /* COGNIZANT.png */; };
		3BCEBAB31FD8E92D00A7D858 /* DELOITTE.png in Resources */ = {isa = PBXBuildFile; fileRef = 3BCEBA5C1FD8E8FF00A7D858 /* DELOITTE.png */; };
		3BCEBAB41FD8E92D00A7D858 /* Modus_Link.png in Resources */ = {isa = PBXBuildFile; fileRef = 3BCEBA5D1FD8E90000A7D858 /* Modus_Link.png */; };
		3BCEBAB51FD8E92D00A7D858 /* ConsuladoCND.png in Resources */ = {isa = PBXBuildFile; fileRef = 3BCEBA5E1FD8E90100A7D858 /* ConsuladoCND.png */; };
		3BCEBAB61FD8E92D00A7D858 /* OpenDataSoft.png in Resources */ = {isa = PBXBuildFile; fileRef = 3BCEBA5F1FD8E90200A7D858 /* OpenDataSoft.png */; };
		3BCEBAB71FD8E92D00A7D858 /* InnoHub.png in Resources */ = {isa = PBXBuildFile; fileRef = 3BCEBA601FD8E90300A7D858 /* InnoHub.png */; };
		3BCEBAB81FD8E92D00A7D858 /* IEEE.png in Resources */ = {isa = PBXBuildFile; fileRef = 3BCEBA611FD8E90400A7D858 /* IEEE.png */; };
		3BCEBAB91FD8E92D00A7D858 /* Schneider_Electric.png in Resources */ = {isa = PBXBuildFile; fileRef = 3BCEBA621FD8E90500A7D858 /* Schneider_Electric.png */; };
		3BCEBABA1FD8E92D00A7D858 /* Videns.png in Resources */ = {isa = PBXBuildFile; fileRef = 3BCEBA631FD8E90600A7D858 /* Videns.png */; };
		3BCEBABB1FD8E92D00A7D858 /* Alestra.png in Resources */ = {isa = PBXBuildFile; fileRef = 3BCEBA641FD8E90700A7D858 /* Alestra.png */; };
		3BCEBABC1FD8E92D00A7D858 /* Dassault System.png in Resources */ = {isa = PBXBuildFile; fileRef = 3BCEBA651FD8E90900A7D858 /* Dassault System.png */; };
		3BCEBABD1FD8E92D00A7D858 /* DXC.png in Resources */ = {isa = PBXBuildFile; fileRef = 3BCEBA661FD8E90A00A7D858 /* DXC.png */; };
		3BCEBABE1FD8E92D00A7D858 /* Egutz.jpg in Resources */ = {isa = PBXBuildFile; fileRef = 3BCEBA671FD8E90C00A7D858 /* Egutz.jpg */; };
		3BCEBABF1FD8E92D00A7D858 /* Telmex.png in Resources */ = {isa = PBXBuildFile; fileRef = 3BCEBA681FD8E90F00A7D858 /* Telmex.png */; };
		3BCEBAC01FD8E92D00A7D858 /* ACCENTURE.png in Resources */ = {isa = PBXBuildFile; fileRef = 3BCEBA691FD8E91100A7D858 /* ACCENTURE.png */; };
		3BCEBAC11FD8E92D00A7D858 /* Intel.png in Resources */ = {isa = PBXBuildFile; fileRef = 3BCEBA6A1FD8E91300A7D858 /* Intel.png */; };
		3BCEBAC21FD8E92D00A7D858 /* CONTINENTAL.png in Resources */ = {isa = PBXBuildFile; fileRef = 3BCEBA6B1FD8E91B00A7D858 /* CONTINENTAL.png */; };
		3BCEBAC31FD8E92D00A7D858 /* Svitla.png in Resources */ = {isa = PBXBuildFile; fileRef = 3BCEBA6C1FD8E91C00A7D858 /* Svitla.png */; };
		3BCEBAC41FD8E92D00A7D858 /* AMEXCAP.png in Resources */ = {isa = PBXBuildFile; fileRef = 3BCEBA6D1FD8E91D00A7D858 /* AMEXCAP.png */; };
		3BCEBAC51FD8E92D00A7D858 /* DELL.png in Resources */ = {isa = PBXBuildFile; fileRef = 3BCEBA6E1FD8E91E00A7D858 /* DELL.png */; };
		3BCEBAC61FD8E92D00A7D858 /* JALTEC.png in Resources */ = {isa = PBXBuildFile; fileRef = 3BCEBA6F1FD8E92100A7D858 /* JALTEC.png */; };
		3BCEBAC71FD8E92D00A7D858 /* Flex.png in Resources */ = {isa = PBXBuildFile; fileRef = 3BCEBA701FD8E92300A7D858 /* Flex.png */; };
		3BCEBAC81FD8E92D00A7D858 /* Jabil.png in Resources */ = {isa = PBXBuildFile; fileRef = 3BCEBA711FD8E92400A7D858 /* Jabil.png */; };
		3BCEBAC91FD8E92D00A7D858 /* City Banamex.png in Resources */ = {isa = PBXBuildFile; fileRef = 3BCEBA721FD8E92500A7D858 /* City Banamex.png */; };
		3BCEBACA1FD8E92D00A7D858 /* Ayuntamiento.png in Resources */ = {isa = PBXBuildFile; fileRef = 3BCEBA731FD8E92600A7D858 /* Ayuntamiento.png */; };
		3BCEBACB1FD8E92D00A7D858 /* Alstom.png in Resources */ = {isa = PBXBuildFile; fileRef = 3BCEBA741FD8E92800A7D858 /* Alstom.png */; };
		3BCEBACC1FD8E92D00A7D858 /* Santander.png in Resources */ = {isa = PBXBuildFile; fileRef = 3BCEBA761FD8E92900A7D858 /* Santander.png */; };
		3BCEBACD1FD8E92D00A7D858 /* Siemens.png in Resources */ = {isa = PBXBuildFile; fileRef = 3BCEBA781FD8E92B00A7D858 /* Siemens.png */; };
		3BCEBAD01FD8E9A900A7D858 /* ParticipantsDetails.m in Sources */ = {isa = PBXBuildFile; fileRef = 3BCEBACF1FD8E9A900A7D858 /* ParticipantsDetails.m */; };
		3BCEBAD41FD8E9F400A7D858 /* participantsCellComponent.xib in Resources */ = {isa = PBXBuildFile; fileRef = 3BCEBAD21FD8E9F400A7D858 /* participantsCellComponent.xib */; };
		3BCEBAD51FD8E9F400A7D858 /* participantsCellComponent.m in Sources */ = {isa = PBXBuildFile; fileRef = 3BCEBAD31FD8E9F400A7D858 /* participantsCellComponent.m */; };
		3BCEBAD71FD8EB6700A7D858 /* ic_create.png in Resources */ = {isa = PBXBuildFile; fileRef = 3BCEBAD61FD8EB6600A7D858 /* ic_create.png */; };
		3BCEBAD91FD8EBDB00A7D858 /* ic_dashboard.png in Resources */ = {isa = PBXBuildFile; fileRef = 3BCEBAD81FD8EBD900A7D858 /* ic_dashboard.png */; };
		7EA477301FD1229200B9005D /* ComponentsDetails.m in Sources */ = {isa = PBXBuildFile; fileRef = 7EA4772F1FD1229200B9005D /* ComponentsDetails.m */; };
		BE8780461FD8DF8F003B7CF0 /* fondoazul.png in Resources */ = {isa = PBXBuildFile; fileRef = BE8780451FD8DF8D003B7CF0 /* fondoazul.png */; };
		BE8780491FD8E004003B7CF0 /* Register.m in Sources */ = {isa = PBXBuildFile; fileRef = BE8780481FD8E004003B7CF0 /* Register.m */; };
		BE87804C1FD8E058003B7CF0 /* WebServices.m in Sources */ = {isa = PBXBuildFile; fileRef = BE87804A1FD8E057003B7CF0 /* WebServices.m */; };
		D15DF4921FCF9DE600AA9E37 /* AppDelegate.m in Sources */ = {isa = PBXBuildFile; fileRef = D15DF4911FCF9DE600AA9E37 /* AppDelegate.m */; };
		D15DF4951FCF9DE600AA9E37 /* Components.m in Sources */ = {isa = PBXBuildFile; fileRef = D15DF4941FCF9DE600AA9E37 /* Components.m */; };
		D15DF4981FCF9DE600AA9E37 /* Main.storyboard in Resources */ = {isa = PBXBuildFile; fileRef = D15DF4961FCF9DE600AA9E37 /* Main.storyboard */; };
		D15DF49B1FCF9DE600AA9E37 /* TD.xcdatamodeld in Sources */ = {isa = PBXBuildFile; fileRef = D15DF4991FCF9DE600AA9E37 /* TD.xcdatamodeld */; };
		D15DF49D1FCF9DE600AA9E37 /* Assets.xcassets in Resources */ = {isa = PBXBuildFile; fileRef = D15DF49C1FCF9DE600AA9E37 /* Assets.xcassets */; };
		D15DF4A01FCF9DE600AA9E37 /* LaunchScreen.storyboard in Resources */ = {isa = PBXBuildFile; fileRef = D15DF49E1FCF9DE600AA9E37 /* LaunchScreen.storyboard */; };
		D15DF4A31FCF9DE600AA9E37 /* main.m in Sources */ = {isa = PBXBuildFile; fileRef = D15DF4A21FCF9DE600AA9E37 /* main.m */; };
		D15DF4AD1FCFA18F00AA9E37 /* Participants.m in Sources */ = {isa = PBXBuildFile; fileRef = D15DF4AC1FCFA18F00AA9E37 /* Participants.m */; };
		D15DF4B01FCFA1B900AA9E37 /* Funding.m in Sources */ = {isa = PBXBuildFile; fileRef = D15DF4AF1FCFA1B900AA9E37 /* Funding.m */; };
		D15DF4B81FCFA46900AA9E37 /* cellComponents.m in Sources */ = {isa = PBXBuildFile; fileRef = D15DF4B61FCFA46900AA9E37 /* cellComponents.m */; };
		D15DF4B91FCFA46900AA9E37 /* cellComponents.xib in Resources */ = {isa = PBXBuildFile; fileRef = D15DF4B71FCFA46900AA9E37 /* cellComponents.xib */; };
		D17074FD1FCFA61C0072459A /* Artificial-Intelligence.jpg in Resources */ = {isa = PBXBuildFile; fileRef = D17074FC1FCFA61C0072459A /* Artificial-Intelligence.jpg */; };
		F4E6D5C71FD8C57E0049F42E /* ic_keyboard_arrow_left_white.png in Resources */ = {isa = PBXBuildFile; fileRef = F4E6D5C41FD8C57D0049F42E /* ic_keyboard_arrow_left_white.png */; };
		F4E6D5CC1FD8D63E0049F42E /* comunidad_video.mp4 in Resources */ = {isa = PBXBuildFile; fileRef = F4E6D5CB1FD8D63E0049F42E /* comunidad_video.mp4 */; };
		F4E6D5D41FD8D7660049F42E /* InformationViewController.m in Sources */ = {isa = PBXBuildFile; fileRef = F4E6D5D11FD8D7660049F42E /* InformationViewController.m */; };
		F4E6D5D51FD8D7660049F42E /* TutorialViewController.m in Sources */ = {isa = PBXBuildFile; fileRef = F4E6D5D31FD8D7660049F42E /* TutorialViewController.m */; };
/* End PBXBuildFile section */

/* Begin PBXFileReference section */
		2CB0B16B1FD4F50700027E23 /* redessociales.jpg */ = {isa = PBXFileReference; lastKnownFileType = image.jpeg; path = redessociales.jpg; sourceTree = "<group>"; };
		2CB0B16C1FD4F50700027E23 /* vehiculosautonomos.jpg */ = {isa = PBXFileReference; lastKnownFileType = image.jpeg; path = vehiculosautonomos.jpg; sourceTree = "<group>"; };
		2CB0B16D1FD4F50700027E23 /* bigdata.jpg */ = {isa = PBXFileReference; lastKnownFileType = image.jpeg; path = bigdata.jpg; sourceTree = "<group>"; };
		2CB0B16E1FD4F50700027E23 /* drones.png */ = {isa = PBXFileReference; lastKnownFileType = image.png; path = drones.png; sourceTree = "<group>"; };
		2CB0B16F1FD4F50700027E23 /* impresion3d.jpg */ = {isa = PBXFileReference; lastKnownFileType = image.jpeg; path = impresion3d.jpg; sourceTree = "<group>"; };
		2CB0B1701FD4F50700027E23 /* IoT.jpg */ = {isa = PBXFileReference; lastKnownFileType = image.jpeg; path = IoT.jpg; sourceTree = "<group>"; };
		39016C62352ACA90EB10C460 /* Pods-TD.debug.xcconfig */ = {isa = PBXFileReference; includeInIndex = 1; lastKnownFileType = text.xcconfig; name = "Pods-TD.debug.xcconfig"; path = "Pods/Target Support Files/Pods-TD/Pods-TD.debug.xcconfig"; sourceTree = "<group>"; };
		3BCEBA241FD8E8CB00A7D858 /* InComSpace.jpg */ = {isa = PBXFileReference; lastKnownFileType = image.jpeg; name = InComSpace.jpg; path = Logos/InComSpace.jpg; sourceTree = "<group>"; };
		3BCEBA251FD8E8CC00A7D858 /* THALES.png */ = {isa = PBXFileReference; lastKnownFileType = image.png; name = THALES.png; path = Logos/THALES.png; sourceTree = "<group>"; };
		3BCEBA261FD8E8CE00A7D858 /* IBM.png */ = {isa = PBXFileReference; lastKnownFileType = image.png; name = IBM.png; path = Logos/IBM.png; sourceTree = "<group>"; };
		3BCEBA271FD8E8CF00A7D858 /* UMG.jpg */ = {isa = PBXFileReference; lastKnownFileType = image.jpeg; name = UMG.jpg; path = Logos/UMG.jpg; sourceTree = "<group>"; };
		3BCEBA281FD8E8CF00A7D858 /* Telefonica.png */ = {isa = PBXFileReference; lastKnownFileType = image.png; name = Telefonica.png; path = Logos/Telefonica.png; sourceTree = "<group>"; };
		3BCEBA291FD8E8D000A7D858 /* IJALTI.png */ = {isa = PBXFileReference; lastKnownFileType = image.png; name = IJALTI.png; path = Logos/IJALTI.png; sourceTree = "<group>"; };
		3BCEBA2A1FD8E8D100A7D858 /* Volteo.jpg */ = {isa = PBXFileReference; lastKnownFileType = image.jpeg; name = Volteo.jpg; path = Logos/Volteo.jpg; sourceTree = "<group>"; };
		3BCEBA2B1FD8E8D200A7D858 /* SOFTTEK.png */ = {isa = PBXFileReference; lastKnownFileType = image.png; name = SOFTTEK.png; path = Logos/SOFTTEK.png; sourceTree = "<group>"; };
		3BCEBA2C1FD8E8D300A7D858 /* ITESO.png */ = {isa = PBXFileReference; lastKnownFileType = image.png; name = ITESO.png; path = Logos/ITESO.png; sourceTree = "<group>"; };
		3BCEBA2D1FD8E8D400A7D858 /* LuxSoft.png */ = {isa = PBXFileReference; lastKnownFileType = image.png; name = LuxSoft.png; path = Logos/LuxSoft.png; sourceTree = "<group>"; };
		3BCEBA2E1FD8E8D500A7D858 /* Sanmina.png */ = {isa = PBXFileReference; lastKnownFileType = image.png; name = Sanmina.png; path = Logos/Sanmina.png; sourceTree = "<group>"; };
		3BCEBA2F1FD8E8D600A7D858 /* UP.png */ = {isa = PBXFileReference; lastKnownFileType = image.png; name = UP.png; path = Logos/UP.png; sourceTree = "<group>"; };
		3BCEBA301FD8E8D600A7D858 /* startip.png */ = {isa = PBXFileReference; lastKnownFileType = image.png; name = startip.png; path = Logos/startip.png; sourceTree = "<group>"; };
		3BCEBA311FD8E8D700A7D858 /* ConsuladoUSA.png */ = {isa = PBXFileReference; lastKnownFileType = image.png; name = ConsuladoUSA.png; path = Logos/ConsuladoUSA.png; sourceTree = "<group>"; };
		3BCEBA321FD8E8D800A7D858 /* Ooyala.jpg */ = {isa = PBXFileReference; lastKnownFileType = image.jpeg; name = Ooyala.jpg; path = Logos/Ooyala.jpg; sourceTree = "<group>"; };
		3BCEBA331FD8E8D900A7D858 /* ITESM.png */ = {isa = PBXFileReference; lastKnownFileType = image.png; name = ITESM.png; path = Logos/ITESM.png; sourceTree = "<group>"; };
		3BCEBA341FD8E8DA00A7D858 /* TEC Monte.png */ = {isa = PBXFileReference; lastKnownFileType = image.png; name = "TEC Monte.png"; path = "Logos/TEC Monte.png"; sourceTree = "<group>"; };
		3BCEBA351FD8E8DB00A7D858 /* Telcel.png */ = {isa = PBXFileReference; lastKnownFileType = image.png; name = Telcel.png; path = Logos/Telcel.png; sourceTree = "<group>"; };
		3BCEBA361FD8E8DB00A7D858 /* UAG.png */ = {isa = PBXFileReference; lastKnownFileType = image.png; name = UAG.png; path = Logos/UAG.png; sourceTree = "<group>"; };
		3BCEBA371FD8E8DC00A7D858 /* CIIOT.jpg */ = {isa = PBXFileReference; lastKnownFileType = image.jpeg; name = CIIOT.jpg; path = Logos/CIIOT.jpg; sourceTree = "<group>"; };
		3BCEBA381FD8E8DD00A7D858 /* Hackers and Founders.png */ = {isa = PBXFileReference; lastKnownFileType = image.png; name = "Hackers and Founders.png"; path = "Logos/Hackers and Founders.png"; sourceTree = "<group>"; };
		3BCEBA391FD8E8DE00A7D858 /* CIDE.png */ = {isa = PBXFileReference; lastKnownFileType = image.png; name = CIDE.png; path = Logos/CIDE.png; sourceTree = "<group>"; };
		3BCEBA3A1FD8E8DF00A7D858 /* HCL.png */ = {isa = PBXFileReference; lastKnownFileType = image.png; name = HCL.png; path = Logos/HCL.png; sourceTree = "<group>"; };
		3BCEBA3B1FD8E8E000A7D858 /* Megacable.png */ = {isa = PBXFileReference; lastKnownFileType = image.png; name = Megacable.png; path = Logos/Megacable.png; sourceTree = "<group>"; };
		3BCEBA3C1FD8E8E100A7D858 /* Engie.png */ = {isa = PBXFileReference; lastKnownFileType = image.png; name = Engie.png; path = Logos/Engie.png; sourceTree = "<group>"; };
		3BCEBA3D1FD8E8E200A7D858 /* BBVA_Bancomer.png */ = {isa = PBXFileReference; lastKnownFileType = image.png; name = BBVA_Bancomer.png; path = Logos/BBVA_Bancomer.png; sourceTree = "<group>"; };
		3BCEBA3E1FD8E8E200A7D858 /* Microsoft.png */ = {isa = PBXFileReference; lastKnownFileType = image.png; name = Microsoft.png; path = Logos/Microsoft.png; sourceTree = "<group>"; };
		3BCEBA3F1FD8E8E300A7D858 /* EVOLUTEL.png */ = {isa = PBXFileReference; lastKnownFileType = image.png; name = EVOLUTEL.png; path = Logos/EVOLUTEL.png; sourceTree = "<group>"; };
		3BCEBA401FD8E8E400A7D858 /* ORACLE.png */ = {isa = PBXFileReference; lastKnownFileType = image.png; name = ORACLE.png; path = Logos/ORACLE.png; sourceTree = "<group>"; };
		3BCEBA411FD8E8E500A7D858 /* Infineon.png */ = {isa = PBXFileReference; lastKnownFileType = image.png; name = Infineon.png; path = Logos/Infineon.png; sourceTree = "<group>"; };
		3BCEBA421FD8E8E600A7D858 /* Hemac.png */ = {isa = PBXFileReference; lastKnownFileType = image.png; name = Hemac.png; path = Logos/Hemac.png; sourceTree = "<group>"; };
		3BCEBA431FD8E8E700A7D858 /* Meetroopers.png */ = {isa = PBXFileReference; lastKnownFileType = image.png; name = Meetroopers.png; path = Logos/Meetroopers.png; sourceTree = "<group>"; };
		3BCEBA441FD8E8E800A7D858 /* CINVESTAV.gif */ = {isa = PBXFileReference; lastKnownFileType = image.gif; name = CINVESTAV.gif; path = Logos/CINVESTAV.gif; sourceTree = "<group>"; };
		3BCEBA451FD8E8E900A7D858 /* IDC.png */ = {isa = PBXFileReference; lastKnownFileType = image.png; name = IDC.png; path = Logos/IDC.png; sourceTree = "<group>"; };
		3BCEBA461FD8E8EA00A7D858 /* IOTNET.png */ = {isa = PBXFileReference; lastKnownFileType = image.png; name = IOTNET.png; path = Logos/IOTNET.png; sourceTree = "<group>"; };
		3BCEBA471FD8E8EB00A7D858 /* CUCEI.png */ = {isa = PBXFileReference; lastKnownFileType = image.png; name = CUCEI.png; path = Logos/CUCEI.png; sourceTree = "<group>"; };
		3BCEBA481FD8E8EC00A7D858 /* Intkno.png */ = {isa = PBXFileReference; lastKnownFileType = image.png; name = Intkno.png; path = Logos/Intkno.png; sourceTree = "<group>"; };
		3BCEBA491FD8E8ED00A7D858 /* CANIETI.png */ = {isa = PBXFileReference; lastKnownFileType = image.png; name = CANIETI.png; path = Logos/CANIETI.png; sourceTree = "<group>"; };
		3BCEBA4A1FD8E8EE00A7D858 /* NXP.png */ = {isa = PBXFileReference; lastKnownFileType = image.png; name = NXP.png; path = Logos/NXP.png; sourceTree = "<group>"; };
		3BCEBA4B1FD8E8EF00A7D858 /* STMicro.png */ = {isa = PBXFileReference; lastKnownFileType = image.png; name = STMicro.png; path = Logos/STMicro.png; sourceTree = "<group>"; };
		3BCEBA4C1FD8E8F000A7D858 /* Persistent.png */ = {isa = PBXFileReference; lastKnownFileType = image.png; name = Persistent.png; path = Logos/Persistent.png; sourceTree = "<group>"; };
		3BCEBA4D1FD8E8F100A7D858 /* Citelum.gif */ = {isa = PBXFileReference; lastKnownFileType = image.gif; name = Citelum.gif; path = Logos/Citelum.gif; sourceTree = "<group>"; };
		3BCEBA4E1FD8E8F200A7D858 /* HPE.png */ = {isa = PBXFileReference; lastKnownFileType = image.png; name = HPE.png; path = Logos/HPE.png; sourceTree = "<group>"; };
		3BCEBA4F1FD8E8F300A7D858 /* GARTNER.png */ = {isa = PBXFileReference; lastKnownFileType = image.png; name = GARTNER.png; path = Logos/GARTNER.png; sourceTree = "<group>"; };
		3BCEBA501FD8E8F400A7D858 /* Interlatin.png */ = {isa = PBXFileReference; lastKnownFileType = image.png; name = Interlatin.png; path = Logos/Interlatin.png; sourceTree = "<group>"; };
		3BCEBA511FD8E8F400A7D858 /* cucea.png */ = {isa = PBXFileReference; lastKnownFileType = image.png; name = cucea.png; path = Logos/cucea.png; sourceTree = "<group>"; };
		3BCEBA521FD8E8F500A7D858 /* ccd.png */ = {isa = PBXFileReference; lastKnownFileType = image.png; name = ccd.png; path = Logos/ccd.png; sourceTree = "<group>"; };
		3BCEBA531FD8E8F600A7D858 /* WIZELINE.png */ = {isa = PBXFileReference; lastKnownFileType = image.png; name = WIZELINE.png; path = Logos/WIZELINE.png; sourceTree = "<group>"; };
		3BCEBA541FD8E8F700A7D858 /* CISCO.png */ = {isa = PBXFileReference; lastKnownFileType = image.png; name = CISCO.png; path = Logos/CISCO.png; sourceTree = "<group>"; };
		3BCEBA551FD8E8F800A7D858 /* AMDOCS.png */ = {isa = PBXFileReference; lastKnownFileType = image.png; name = AMDOCS.png; path = Logos/AMDOCS.png; sourceTree = "<group>"; };
		3BCEBA561FD8E8F900A7D858 /* CUTonala.jpg */ = {isa = PBXFileReference; lastKnownFileType = image.jpeg; name = CUTonala.jpg; path = Logos/CUTonala.jpg; sourceTree = "<group>"; };
		3BCEBA571FD8E8FA00A7D858 /* SICYT.jpg */ = {isa = PBXFileReference; lastKnownFileType = image.jpeg; name = SICYT.jpg; path = Logos/SICYT.jpg; sourceTree = "<group>"; };
		3BCEBA581FD8E8FB00A7D858 /* GOPAC.png */ = {isa = PBXFileReference; lastKnownFileType = image.png; name = GOPAC.png; path = Logos/GOPAC.png; sourceTree = "<group>"; };
		3BCEBA591FD8E8FC00A7D858 /* UNIVA.png */ = {isa = PBXFileReference; lastKnownFileType = image.png; name = UNIVA.png; path = Logos/UNIVA.png; sourceTree = "<group>"; };
		3BCEBA5A1FD8E8FD00A7D858 /* BOSCH.png */ = {isa = PBXFileReference; lastKnownFileType = image.png; name = BOSCH.png; path = Logos/BOSCH.png; sourceTree = "<group>"; };
		3BCEBA5B1FD8E8FE00A7D858 /* COGNIZANT.png */ = {isa = PBXFileReference; lastKnownFileType = image.png; name = COGNIZANT.png; path = Logos/COGNIZANT.png; sourceTree = "<group>"; };
		3BCEBA5C1FD8E8FF00A7D858 /* DELOITTE.png */ = {isa = PBXFileReference; lastKnownFileType = image.png; name = DELOITTE.png; path = Logos/DELOITTE.png; sourceTree = "<group>"; };
		3BCEBA5D1FD8E90000A7D858 /* Modus_Link.png */ = {isa = PBXFileReference; lastKnownFileType = image.png; name = Modus_Link.png; path = Logos/Modus_Link.png; sourceTree = "<group>"; };
		3BCEBA5E1FD8E90100A7D858 /* ConsuladoCND.png */ = {isa = PBXFileReference; lastKnownFileType = image.png; name = ConsuladoCND.png; path = Logos/ConsuladoCND.png; sourceTree = "<group>"; };
		3BCEBA5F1FD8E90200A7D858 /* OpenDataSoft.png */ = {isa = PBXFileReference; lastKnownFileType = image.png; name = OpenDataSoft.png; path = Logos/OpenDataSoft.png; sourceTree = "<group>"; };
		3BCEBA601FD8E90300A7D858 /* InnoHub.png */ = {isa = PBXFileReference; lastKnownFileType = image.png; name = InnoHub.png; path = Logos/InnoHub.png; sourceTree = "<group>"; };
		3BCEBA611FD8E90400A7D858 /* IEEE.png */ = {isa = PBXFileReference; lastKnownFileType = image.png; name = IEEE.png; path = Logos/IEEE.png; sourceTree = "<group>"; };
		3BCEBA621FD8E90500A7D858 /* Schneider_Electric.png */ = {isa = PBXFileReference; lastKnownFileType = image.png; name = Schneider_Electric.png; path = Logos/Schneider_Electric.png; sourceTree = "<group>"; };
		3BCEBA631FD8E90600A7D858 /* Videns.png */ = {isa = PBXFileReference; lastKnownFileType = image.png; name = Videns.png; path = Logos/Videns.png; sourceTree = "<group>"; };
		3BCEBA641FD8E90700A7D858 /* Alestra.png */ = {isa = PBXFileReference; lastKnownFileType = image.png; name = Alestra.png; path = Logos/Alestra.png; sourceTree = "<group>"; };
		3BCEBA651FD8E90900A7D858 /* Dassault System.png */ = {isa = PBXFileReference; lastKnownFileType = image.png; name = "Dassault System.png"; path = "Logos/Dassault System.png"; sourceTree = "<group>"; };
		3BCEBA661FD8E90A00A7D858 /* DXC.png */ = {isa = PBXFileReference; lastKnownFileType = image.png; name = DXC.png; path = Logos/DXC.png; sourceTree = "<group>"; };
		3BCEBA671FD8E90C00A7D858 /* Egutz.jpg */ = {isa = PBXFileReference; lastKnownFileType = image.jpeg; name = Egutz.jpg; path = Logos/Egutz.jpg; sourceTree = "<group>"; };
		3BCEBA681FD8E90F00A7D858 /* Telmex.png */ = {isa = PBXFileReference; lastKnownFileType = image.png; name = Telmex.png; path = Logos/Telmex.png; sourceTree = "<group>"; };
		3BCEBA691FD8E91100A7D858 /* ACCENTURE.png */ = {isa = PBXFileReference; lastKnownFileType = image.png; name = ACCENTURE.png; path = Logos/ACCENTURE.png; sourceTree = "<group>"; };
		3BCEBA6A1FD8E91300A7D858 /* Intel.png */ = {isa = PBXFileReference; lastKnownFileType = image.png; name = Intel.png; path = Logos/Intel.png; sourceTree = "<group>"; };
		3BCEBA6B1FD8E91B00A7D858 /* CONTINENTAL.png */ = {isa = PBXFileReference; lastKnownFileType = image.png; name = CONTINENTAL.png; path = Logos/CONTINENTAL.png; sourceTree = "<group>"; };
		3BCEBA6C1FD8E91C00A7D858 /* Svitla.png */ = {isa = PBXFileReference; lastKnownFileType = image.png; name = Svitla.png; path = Logos/Svitla.png; sourceTree = "<group>"; };
		3BCEBA6D1FD8E91D00A7D858 /* AMEXCAP.png */ = {isa = PBXFileReference; lastKnownFileType = image.png; name = AMEXCAP.png; path = Logos/AMEXCAP.png; sourceTree = "<group>"; };
		3BCEBA6E1FD8E91E00A7D858 /* DELL.png */ = {isa = PBXFileReference; lastKnownFileType = image.png; name = DELL.png; path = Logos/DELL.png; sourceTree = "<group>"; };
		3BCEBA6F1FD8E92100A7D858 /* JALTEC.png */ = {isa = PBXFileReference; lastKnownFileType = image.png; name = JALTEC.png; path = Logos/JALTEC.png; sourceTree = "<group>"; };
		3BCEBA701FD8E92300A7D858 /* Flex.png */ = {isa = PBXFileReference; lastKnownFileType = image.png; name = Flex.png; path = Logos/Flex.png; sourceTree = "<group>"; };
		3BCEBA711FD8E92400A7D858 /* Jabil.png */ = {isa = PBXFileReference; lastKnownFileType = image.png; name = Jabil.png; path = Logos/Jabil.png; sourceTree = "<group>"; };
		3BCEBA721FD8E92500A7D858 /* City Banamex.png */ = {isa = PBXFileReference; lastKnownFileType = image.png; name = "City Banamex.png"; path = "Logos/City Banamex.png"; sourceTree = "<group>"; };
		3BCEBA731FD8E92600A7D858 /* Ayuntamiento.png */ = {isa = PBXFileReference; lastKnownFileType = image.png; name = Ayuntamiento.png; path = Logos/Ayuntamiento.png; sourceTree = "<group>"; };
		3BCEBA741FD8E92800A7D858 /* Alstom.png */ = {isa = PBXFileReference; lastKnownFileType = image.png; name = Alstom.png; path = Logos/Alstom.png; sourceTree = "<group>"; };
		3BCEBA751FD8E92800A7D858 /* ic_keyboard_arrow_left.png */ = {isa = PBXFileReference; lastKnownFileType = image.png; path = ic_keyboard_arrow_left.png; sourceTree = "<group>"; };
		3BCEBA761FD8E92900A7D858 /* Santander.png */ = {isa = PBXFileReference; lastKnownFileType = image.png; name = Santander.png; path = Logos/Santander.png; sourceTree = "<group>"; };
		3BCEBA771FD8E92900A7D858 /* ic_group.png */ = {isa = PBXFileReference; lastKnownFileType = image.png; path = ic_group.png; sourceTree = "<group>"; };
		3BCEBA781FD8E92B00A7D858 /* Siemens.png */ = {isa = PBXFileReference; lastKnownFileType = image.png; name = Siemens.png; path = Logos/Siemens.png; sourceTree = "<group>"; };
		3BCEBACE1FD8E9A900A7D858 /* ParticipantsDetails.h */ = {isa = PBXFileReference; fileEncoding = 4; lastKnownFileType = sourcecode.c.h; path = ParticipantsDetails.h; sourceTree = "<group>"; };
		3BCEBACF1FD8E9A900A7D858 /* ParticipantsDetails.m */ = {isa = PBXFileReference; fileEncoding = 4; lastKnownFileType = sourcecode.c.objc; path = ParticipantsDetails.m; sourceTree = "<group>"; };
		3BCEBAD11FD8E9F400A7D858 /* participantsCellComponent.h */ = {isa = PBXFileReference; fileEncoding = 4; lastKnownFileType = sourcecode.c.h; path = participantsCellComponent.h; sourceTree = "<group>"; };
		3BCEBAD21FD8E9F400A7D858 /* participantsCellComponent.xib */ = {isa = PBXFileReference; fileEncoding = 4; lastKnownFileType = file.xib; path = participantsCellComponent.xib; sourceTree = "<group>"; };
		3BCEBAD31FD8E9F400A7D858 /* participantsCellComponent.m */ = {isa = PBXFileReference; fileEncoding = 4; lastKnownFileType = sourcecode.c.objc; path = participantsCellComponent.m; sourceTree = "<group>"; };
		3BCEBAD61FD8EB6600A7D858 /* ic_create.png */ = {isa = PBXFileReference; lastKnownFileType = image.png; path = ic_create.png; sourceTree = "<group>"; };
		3BCEBAD81FD8EBD900A7D858 /* ic_dashboard.png */ = {isa = PBXFileReference; lastKnownFileType = image.png; path = ic_dashboard.png; sourceTree = "<group>"; };
		643B1D6F72AAAE7126359476 /* Pods-TD.release.xcconfig */ = {isa = PBXFileReference; includeInIndex = 1; lastKnownFileType = text.xcconfig; name = "Pods-TD.release.xcconfig"; path = "Pods/Target Support Files/Pods-TD/Pods-TD.release.xcconfig"; sourceTree = "<group>"; };
		7EA4772E1FD1229200B9005D /* ComponentsDetails.h */ = {isa = PBXFileReference; lastKnownFileType = sourcecode.c.h; path = ComponentsDetails.h; sourceTree = "<group>"; };
		7EA4772F1FD1229200B9005D /* ComponentsDetails.m */ = {isa = PBXFileReference; lastKnownFileType = sourcecode.c.objc; path = ComponentsDetails.m; sourceTree = "<group>"; };
		8A20FCB4457DC10C6ADEB7C4 /* libPods-TD.a */ = {isa = PBXFileReference; explicitFileType = archive.ar; includeInIndex = 0; path = "libPods-TD.a"; sourceTree = BUILT_PRODUCTS_DIR; };
		BE8780451FD8DF8D003B7CF0 /* fondoazul.png */ = {isa = PBXFileReference; lastKnownFileType = image.png; name = fondoazul.png; path = TD/fondoazul.png; sourceTree = SOURCE_ROOT; };
		BE8780471FD8E003003B7CF0 /* Register.h */ = {isa = PBXFileReference; fileEncoding = 4; lastKnownFileType = sourcecode.c.h; path = Register.h; sourceTree = "<group>"; };
		BE8780481FD8E004003B7CF0 /* Register.m */ = {isa = PBXFileReference; fileEncoding = 4; lastKnownFileType = sourcecode.c.objc; path = Register.m; sourceTree = "<group>"; };
		BE87804A1FD8E057003B7CF0 /* WebServices.m */ = {isa = PBXFileReference; fileEncoding = 4; lastKnownFileType = sourcecode.c.objc; path = WebServices.m; sourceTree = "<group>"; };
		BE87804B1FD8E057003B7CF0 /* WebServices.h */ = {isa = PBXFileReference; fileEncoding = 4; lastKnownFileType = sourcecode.c.h; path = WebServices.h; sourceTree = "<group>"; };
		D15DF48D1FCF9DE600AA9E37 /* TD.app */ = {isa = PBXFileReference; explicitFileType = wrapper.application; includeInIndex = 0; path = TD.app; sourceTree = BUILT_PRODUCTS_DIR; };
		D15DF4901FCF9DE600AA9E37 /* AppDelegate.h */ = {isa = PBXFileReference; lastKnownFileType = sourcecode.c.h; path = AppDelegate.h; sourceTree = "<group>"; };
		D15DF4911FCF9DE600AA9E37 /* AppDelegate.m */ = {isa = PBXFileReference; lastKnownFileType = sourcecode.c.objc; path = AppDelegate.m; sourceTree = "<group>"; };
		D15DF4931FCF9DE600AA9E37 /* Components.h */ = {isa = PBXFileReference; lastKnownFileType = sourcecode.c.h; path = Components.h; sourceTree = "<group>"; };
		D15DF4941FCF9DE600AA9E37 /* Components.m */ = {isa = PBXFileReference; lastKnownFileType = sourcecode.c.objc; path = Components.m; sourceTree = "<group>"; };
		D15DF4971FCF9DE600AA9E37 /* Base */ = {isa = PBXFileReference; lastKnownFileType = file.storyboard; name = Base; path = Base.lproj/Main.storyboard; sourceTree = "<group>"; };
		D15DF49A1FCF9DE600AA9E37 /* TD.xcdatamodel */ = {isa = PBXFileReference; lastKnownFileType = wrapper.xcdatamodel; path = TD.xcdatamodel; sourceTree = "<group>"; };
		D15DF49C1FCF9DE600AA9E37 /* Assets.xcassets */ = {isa = PBXFileReference; lastKnownFileType = folder.assetcatalog; path = Assets.xcassets; sourceTree = "<group>"; };
		D15DF49F1FCF9DE600AA9E37 /* Base */ = {isa = PBXFileReference; lastKnownFileType = file.storyboard; name = Base; path = Base.lproj/LaunchScreen.storyboard; sourceTree = "<group>"; };
		D15DF4A11FCF9DE600AA9E37 /* Info.plist */ = {isa = PBXFileReference; lastKnownFileType = text.plist.xml; path = Info.plist; sourceTree = "<group>"; };
		D15DF4A21FCF9DE600AA9E37 /* main.m */ = {isa = PBXFileReference; lastKnownFileType = sourcecode.c.objc; path = main.m; sourceTree = "<group>"; };
		D15DF4AB1FCFA18F00AA9E37 /* Participants.h */ = {isa = PBXFileReference; lastKnownFileType = sourcecode.c.h; path = Participants.h; sourceTree = "<group>"; };
		D15DF4AC1FCFA18F00AA9E37 /* Participants.m */ = {isa = PBXFileReference; lastKnownFileType = sourcecode.c.objc; path = Participants.m; sourceTree = "<group>"; };
		D15DF4AE1FCFA1B900AA9E37 /* Funding.h */ = {isa = PBXFileReference; lastKnownFileType = sourcecode.c.h; path = Funding.h; sourceTree = "<group>"; };
		D15DF4AF1FCFA1B900AA9E37 /* Funding.m */ = {isa = PBXFileReference; lastKnownFileType = sourcecode.c.objc; path = Funding.m; sourceTree = "<group>"; };
		D15DF4B51FCFA46900AA9E37 /* cellComponents.h */ = {isa = PBXFileReference; lastKnownFileType = sourcecode.c.h; path = cellComponents.h; sourceTree = "<group>"; };
		D15DF4B61FCFA46900AA9E37 /* cellComponents.m */ = {isa = PBXFileReference; lastKnownFileType = sourcecode.c.objc; path = cellComponents.m; sourceTree = "<group>"; };
		D15DF4B71FCFA46900AA9E37 /* cellComponents.xib */ = {isa = PBXFileReference; lastKnownFileType = file.xib; path = cellComponents.xib; sourceTree = "<group>"; };
		D17074FC1FCFA61C0072459A /* Artificial-Intelligence.jpg */ = {isa = PBXFileReference; lastKnownFileType = image.jpeg; path = "Artificial-Intelligence.jpg"; sourceTree = "<group>"; };
		F4E6D5C41FD8C57D0049F42E /* ic_keyboard_arrow_left_white.png */ = {isa = PBXFileReference; lastKnownFileType = image.png; path = ic_keyboard_arrow_left_white.png; sourceTree = "<group>"; };
		F4E6D5CB1FD8D63E0049F42E /* comunidad_video.mp4 */ = {isa = PBXFileReference; lastKnownFileType = file; name = comunidad_video.mp4; path = TD/comunidad_video.mp4; sourceTree = SOURCE_ROOT; };
		F4E6D5D01FD8D7660049F42E /* InformationViewController.h */ = {isa = PBXFileReference; fileEncoding = 4; lastKnownFileType = sourcecode.c.h; path = InformationViewController.h; sourceTree = "<group>"; };
		F4E6D5D11FD8D7660049F42E /* InformationViewController.m */ = {isa = PBXFileReference; fileEncoding = 4; lastKnownFileType = sourcecode.c.objc; path = InformationViewController.m; sourceTree = "<group>"; };
		F4E6D5D21FD8D7660049F42E /* TutorialViewController.h */ = {isa = PBXFileReference; fileEncoding = 4; lastKnownFileType = sourcecode.c.h; path = TutorialViewController.h; sourceTree = "<group>"; };
		F4E6D5D31FD8D7660049F42E /* TutorialViewController.m */ = {isa = PBXFileReference; fileEncoding = 4; lastKnownFileType = sourcecode.c.objc; path = TutorialViewController.m; sourceTree = "<group>"; };
/* End PBXFileReference section */

/* Begin PBXFrameworksBuildPhase section */
		D15DF48A1FCF9DE600AA9E37 /* Frameworks */ = {
			isa = PBXFrameworksBuildPhase;
			buildActionMask = 2147483647;
			files = (
				29BBF1703EF7C45A40E376B6 /* libPods-TD.a in Frameworks */,
			);
			runOnlyForDeploymentPostprocessing = 0;
		};
/* End PBXFrameworksBuildPhase section */

/* Begin PBXGroup section */
		170CC1CEB27E0CEF319A4326 /* Pods */ = {
			isa = PBXGroup;
			children = (
				39016C62352ACA90EB10C460 /* Pods-TD.debug.xcconfig */,
				643B1D6F72AAAE7126359476 /* Pods-TD.release.xcconfig */,
			);
			name = Pods;
			sourceTree = "<group>";
		};
		6A3EF219FB9136E54E395F4E /* Frameworks */ = {
			isa = PBXGroup;
			children = (
				8A20FCB4457DC10C6ADEB7C4 /* libPods-TD.a */,
			);
			name = Frameworks;
			sourceTree = "<group>";
		};
		D15DF4841FCF9DE600AA9E37 = {
			isa = PBXGroup;
			children = (
				D15DF48F1FCF9DE600AA9E37 /* TD */,
				D15DF48E1FCF9DE600AA9E37 /* Products */,
				170CC1CEB27E0CEF319A4326 /* Pods */,
				6A3EF219FB9136E54E395F4E /* Frameworks */,
			);
			sourceTree = "<group>";
		};
		D15DF48E1FCF9DE600AA9E37 /* Products */ = {
			isa = PBXGroup;
			children = (
				D15DF48D1FCF9DE600AA9E37 /* TD.app */,
			);
			name = Products;
			sourceTree = "<group>";
		};
		D15DF48F1FCF9DE600AA9E37 /* TD */ = {
			isa = PBXGroup;
			children = (
				F4E6D5CF1FD8D7660049F42E /* Tutorial */,
				F4E6D5CA1FD8D62E0049F42E /* Video */,
				F4E6D5BC1FD8C44A0049F42E /* Icons */,
				D17074F21FCFA5ED0072459A /* Img */,
				D15DF4B41FCFA41600AA9E37 /* Cells */,
				D15DF4A91FCF9E7000AA9E37 /* Controllers */,
				D15DF4AA1FCF9E8300AA9E37 /* Main */,
				D15DF4961FCF9DE600AA9E37 /* Main.storyboard */,
				D15DF49E1FCF9DE600AA9E37 /* LaunchScreen.storyboard */,
				D15DF49C1FCF9DE600AA9E37 /* Assets.xcassets */,
				D15DF4A11FCF9DE600AA9E37 /* Info.plist */,
				D15DF4A21FCF9DE600AA9E37 /* main.m */,
				D15DF4991FCF9DE600AA9E37 /* TD.xcdatamodeld */,
			);
			path = TD;
			sourceTree = "<group>";
		};
		D15DF4A91FCF9E7000AA9E37 /* Controllers */ = {
			isa = PBXGroup;
			children = (
				3BCEBACE1FD8E9A900A7D858 /* ParticipantsDetails.h */,
				3BCEBACF1FD8E9A900A7D858 /* ParticipantsDetails.m */,
				BE87804B1FD8E057003B7CF0 /* WebServices.h */,
				BE87804A1FD8E057003B7CF0 /* WebServices.m */,
				BE8780471FD8E003003B7CF0 /* Register.h */,
				BE8780481FD8E004003B7CF0 /* Register.m */,
				D15DF4931FCF9DE600AA9E37 /* Components.h */,
				D15DF4941FCF9DE600AA9E37 /* Components.m */,
				7EA4772E1FD1229200B9005D /* ComponentsDetails.h */,
				7EA4772F1FD1229200B9005D /* ComponentsDetails.m */,
				D15DF4AB1FCFA18F00AA9E37 /* Participants.h */,
				D15DF4AC1FCFA18F00AA9E37 /* Participants.m */,
				D15DF4AE1FCFA1B900AA9E37 /* Funding.h */,
				D15DF4AF1FCFA1B900AA9E37 /* Funding.m */,
			);
			path = Controllers;
			sourceTree = "<group>";
		};
		D15DF4AA1FCF9E8300AA9E37 /* Main */ = {
			isa = PBXGroup;
			children = (
				D15DF4901FCF9DE600AA9E37 /* AppDelegate.h */,
				D15DF4911FCF9DE600AA9E37 /* AppDelegate.m */,
			);
			path = Main;
			sourceTree = "<group>";
		};
		D15DF4B41FCFA41600AA9E37 /* Cells */ = {
			isa = PBXGroup;
			children = (
				3BCEBAD11FD8E9F400A7D858 /* participantsCellComponent.h */,
				3BCEBAD31FD8E9F400A7D858 /* participantsCellComponent.m */,
				3BCEBAD21FD8E9F400A7D858 /* participantsCellComponent.xib */,
				D15DF4B51FCFA46900AA9E37 /* cellComponents.h */,
				D15DF4B61FCFA46900AA9E37 /* cellComponents.m */,
				D15DF4B71FCFA46900AA9E37 /* cellComponents.xib */,
			);
			path = Cells;
			sourceTree = "<group>";
		};
		D17074F21FCFA5ED0072459A /* Img */ = {
			isa = PBXGroup;
			children = (
				3BCEBA691FD8E91100A7D858 /* ACCENTURE.png */,
				3BCEBA641FD8E90700A7D858 /* Alestra.png */,
				3BCEBA741FD8E92800A7D858 /* Alstom.png */,
				3BCEBA551FD8E8F800A7D858 /* AMDOCS.png */,
				3BCEBA6D1FD8E91D00A7D858 /* AMEXCAP.png */,
				3BCEBA731FD8E92600A7D858 /* Ayuntamiento.png */,
				3BCEBA3D1FD8E8E200A7D858 /* BBVA_Bancomer.png */,
				3BCEBA5A1FD8E8FD00A7D858 /* BOSCH.png */,
				3BCEBA491FD8E8ED00A7D858 /* CANIETI.png */,
				3BCEBA521FD8E8F500A7D858 /* ccd.png */,
				3BCEBA391FD8E8DE00A7D858 /* CIDE.png */,
				3BCEBA371FD8E8DC00A7D858 /* CIIOT.jpg */,
				3BCEBA441FD8E8E800A7D858 /* CINVESTAV.gif */,
				3BCEBA541FD8E8F700A7D858 /* CISCO.png */,
				3BCEBA4D1FD8E8F100A7D858 /* Citelum.gif */,
				3BCEBA721FD8E92500A7D858 /* City Banamex.png */,
				3BCEBA5B1FD8E8FE00A7D858 /* COGNIZANT.png */,
				3BCEBA5E1FD8E90100A7D858 /* ConsuladoCND.png */,
				3BCEBA311FD8E8D700A7D858 /* ConsuladoUSA.png */,
				3BCEBA6B1FD8E91B00A7D858 /* CONTINENTAL.png */,
				3BCEBA511FD8E8F400A7D858 /* cucea.png */,
				3BCEBA471FD8E8EB00A7D858 /* CUCEI.png */,
				3BCEBA561FD8E8F900A7D858 /* CUTonala.jpg */,
				3BCEBA651FD8E90900A7D858 /* Dassault System.png */,
				3BCEBA6E1FD8E91E00A7D858 /* DELL.png */,
				3BCEBA5C1FD8E8FF00A7D858 /* DELOITTE.png */,
				3BCEBA661FD8E90A00A7D858 /* DXC.png */,
				3BCEBA671FD8E90C00A7D858 /* Egutz.jpg */,
				3BCEBA3C1FD8E8E100A7D858 /* Engie.png */,
				3BCEBA3F1FD8E8E300A7D858 /* EVOLUTEL.png */,
				3BCEBA701FD8E92300A7D858 /* Flex.png */,
				3BCEBA4F1FD8E8F300A7D858 /* GARTNER.png */,
				3BCEBA581FD8E8FB00A7D858 /* GOPAC.png */,
				3BCEBA381FD8E8DD00A7D858 /* Hackers and Founders.png */,
				3BCEBA3A1FD8E8DF00A7D858 /* HCL.png */,
				3BCEBA421FD8E8E600A7D858 /* Hemac.png */,
				3BCEBA4E1FD8E8F200A7D858 /* HPE.png */,
				3BCEBA261FD8E8CE00A7D858 /* IBM.png */,
				3BCEBA451FD8E8E900A7D858 /* IDC.png */,
				3BCEBA611FD8E90400A7D858 /* IEEE.png */,
				3BCEBA291FD8E8D000A7D858 /* IJALTI.png */,
				3BCEBA241FD8E8CB00A7D858 /* InComSpace.jpg */,
				3BCEBA411FD8E8E500A7D858 /* Infineon.png */,
				3BCEBA601FD8E90300A7D858 /* InnoHub.png */,
				3BCEBA6A1FD8E91300A7D858 /* Intel.png */,
				3BCEBA501FD8E8F400A7D858 /* Interlatin.png */,
				3BCEBA481FD8E8EC00A7D858 /* Intkno.png */,
				3BCEBA461FD8E8EA00A7D858 /* IOTNET.png */,
				3BCEBA331FD8E8D900A7D858 /* ITESM.png */,
				3BCEBA2C1FD8E8D300A7D858 /* ITESO.png */,
				3BCEBA711FD8E92400A7D858 /* Jabil.png */,
				3BCEBA6F1FD8E92100A7D858 /* JALTEC.png */,
				3BCEBA2D1FD8E8D400A7D858 /* LuxSoft.png */,
				3BCEBA431FD8E8E700A7D858 /* Meetroopers.png */,
				3BCEBA3B1FD8E8E000A7D858 /* Megacable.png */,
				3BCEBA3E1FD8E8E200A7D858 /* Microsoft.png */,
				3BCEBA5D1FD8E90000A7D858 /* Modus_Link.png */,
				3BCEBA4A1FD8E8EE00A7D858 /* NXP.png */,
				3BCEBA321FD8E8D800A7D858 /* Ooyala.jpg */,
				3BCEBA5F1FD8E90200A7D858 /* OpenDataSoft.png */,
				3BCEBA401FD8E8E400A7D858 /* ORACLE.png */,
				3BCEBA4C1FD8E8F000A7D858 /* Persistent.png */,
				3BCEBA2E1FD8E8D500A7D858 /* Sanmina.png */,
				3BCEBA761FD8E92900A7D858 /* Santander.png */,
				3BCEBA621FD8E90500A7D858 /* Schneider_Electric.png */,
				3BCEBA571FD8E8FA00A7D858 /* SICYT.jpg */,
				3BCEBA781FD8E92B00A7D858 /* Siemens.png */,
				3BCEBA2B1FD8E8D200A7D858 /* SOFTTEK.png */,
				3BCEBA301FD8E8D600A7D858 /* startip.png */,
				3BCEBA4B1FD8E8EF00A7D858 /* STMicro.png */,
				3BCEBA6C1FD8E91C00A7D858 /* Svitla.png */,
				3BCEBA341FD8E8DA00A7D858 /* TEC Monte.png */,
				3BCEBA351FD8E8DB00A7D858 /* Telcel.png */,
				3BCEBA281FD8E8CF00A7D858 /* Telefonica.png */,
				3BCEBA681FD8E90F00A7D858 /* Telmex.png */,
				3BCEBA251FD8E8CC00A7D858 /* THALES.png */,
				3BCEBA361FD8E8DB00A7D858 /* UAG.png */,
				3BCEBA271FD8E8CF00A7D858 /* UMG.jpg */,
				3BCEBA591FD8E8FC00A7D858 /* UNIVA.png */,
				3BCEBA2F1FD8E8D600A7D858 /* UP.png */,
				3BCEBA631FD8E90600A7D858 /* Videns.png */,
				3BCEBA2A1FD8E8D100A7D858 /* Volteo.jpg */,
				3BCEBA531FD8E8F600A7D858 /* WIZELINE.png */,
				BE8780451FD8DF8D003B7CF0 /* fondoazul.png */,
				2CB0B16D1FD4F50700027E23 /* bigdata.jpg */,
				2CB0B16E1FD4F50700027E23 /* drones.png */,
				2CB0B16F1FD4F50700027E23 /* impresion3d.jpg */,
				2CB0B1701FD4F50700027E23 /* IoT.jpg */,
				2CB0B16B1FD4F50700027E23 /* redessociales.jpg */,
				2CB0B16C1FD4F50700027E23 /* vehiculosautonomos.jpg */,
				D17074FC1FCFA61C0072459A /* Artificial-Intelligence.jpg */,
			);
			path = Img;
			sourceTree = "<group>";
		};
		F4E6D5BC1FD8C44A0049F42E /* Icons */ = {
			isa = PBXGroup;
			children = (
				3BCEBAD81FD8EBD900A7D858 /* ic_dashboard.png */,
				3BCEBAD61FD8EB6600A7D858 /* ic_create.png */,
				3BCEBA771FD8E92900A7D858 /* ic_group.png */,
				3BCEBA751FD8E92800A7D858 /* ic_keyboard_arrow_left.png */,
				F4E6D5C41FD8C57D0049F42E /* ic_keyboard_arrow_left_white.png */,
			);
			path = Icons;
			sourceTree = "<group>";
		};
		F4E6D5CA1FD8D62E0049F42E /* Video */ = {
			isa = PBXGroup;
			children = (
				F4E6D5CB1FD8D63E0049F42E /* comunidad_video.mp4 */,
			);
			path = Video;
			sourceTree = "<group>";
		};
		F4E6D5CF1FD8D7660049F42E /* Tutorial */ = {
			isa = PBXGroup;
			children = (
				F4E6D5D01FD8D7660049F42E /* InformationViewController.h */,
				F4E6D5D11FD8D7660049F42E /* InformationViewController.m */,
				F4E6D5D21FD8D7660049F42E /* TutorialViewController.h */,
				F4E6D5D31FD8D7660049F42E /* TutorialViewController.m */,
			);
			path = Tutorial;
			sourceTree = "<group>";
		};
/* End PBXGroup section */

/* Begin PBXNativeTarget section */
		D15DF48C1FCF9DE600AA9E37 /* TD */ = {
			isa = PBXNativeTarget;
			buildConfigurationList = D15DF4A61FCF9DE600AA9E37 /* Build configuration list for PBXNativeTarget "TD" */;
			buildPhases = (
				ECE0E96807D5EC6AB3E27C20 /* [CP] Check Pods Manifest.lock */,
				D15DF4891FCF9DE600AA9E37 /* Sources */,
				D15DF48A1FCF9DE600AA9E37 /* Frameworks */,
				D15DF48B1FCF9DE600AA9E37 /* Resources */,
				A0490A667DE1D57B02874421 /* [CP] Embed Pods Frameworks */,
				32E86A28642B474C94A10F29 /* [CP] Copy Pods Resources */,
			);
			buildRules = (
			);
			dependencies = (
			);
			name = TD;
			productName = TD;
			productReference = D15DF48D1FCF9DE600AA9E37 /* TD.app */;
			productType = "com.apple.product-type.application";
		};
/* End PBXNativeTarget section */

/* Begin PBXProject section */
		D15DF4851FCF9DE600AA9E37 /* Project object */ = {
			isa = PBXProject;
			attributes = {
				LastUpgradeCheck = 0910;
				ORGANIZATIONNAME = UAG;
				TargetAttributes = {
					D15DF48C1FCF9DE600AA9E37 = {
						CreatedOnToolsVersion = 9.1;
						ProvisioningStyle = Manual;
					};
				};
			};
			buildConfigurationList = D15DF4881FCF9DE600AA9E37 /* Build configuration list for PBXProject "TD" */;
			compatibilityVersion = "Xcode 8.0";
			developmentRegion = en;
			hasScannedForEncodings = 0;
			knownRegions = (
				en,
				Base,
			);
			mainGroup = D15DF4841FCF9DE600AA9E37;
			productRefGroup = D15DF48E1FCF9DE600AA9E37 /* Products */;
			projectDirPath = "";
			projectRoot = "";
			targets = (
				D15DF48C1FCF9DE600AA9E37 /* TD */,
			);
		};
/* End PBXProject section */

/* Begin PBXResourcesBuildPhase section */
		D15DF48B1FCF9DE600AA9E37 /* Resources */ = {
			isa = PBXResourcesBuildPhase;
			buildActionMask = 2147483647;
			files = (
				3BCEBA8D1FD8E92D00A7D858 /* UAG.png in Resources */,
				3BCEBAA81FD8E92D00A7D858 /* cucea.png in Resources */,
				3BCEBACC1FD8E92D00A7D858 /* Santander.png in Resources */,
				3BCEBAB11FD8E92D00A7D858 /* BOSCH.png in Resources */,
				3BCEBA9E1FD8E92D00A7D858 /* CUCEI.png in Resources */,
				3BCEBA921FD8E92D00A7D858 /* Megacable.png in Resources */,
				3BCEBA971FD8E92D00A7D858 /* ORACLE.png in Resources */,
				3BCEBACB1FD8E92D00A7D858 /* Alstom.png in Resources */,
				3BCEBAC71FD8E92D00A7D858 /* Flex.png in Resources */,
				3BCEBA991FD8E92D00A7D858 /* Hemac.png in Resources */,
				3BCEBA931FD8E92D00A7D858 /* Engie.png in Resources */,
				3BCEBA941FD8E92D00A7D858 /* BBVA_Bancomer.png in Resources */,
				3BCEBA9C1FD8E92D00A7D858 /* IDC.png in Resources */,
				3BCEBAB31FD8E92D00A7D858 /* DELOITTE.png in Resources */,
				3BCEBA8B1FD8E92D00A7D858 /* TEC Monte.png in Resources */,
				3BCEBAC61FD8E92D00A7D858 /* JALTEC.png in Resources */,
				3BCEBAAB1FD8E92D00A7D858 /* CISCO.png in Resources */,
				F4E6D5C71FD8C57E0049F42E /* ic_keyboard_arrow_left_white.png in Resources */,
				3BCEBAA41FD8E92D00A7D858 /* Citelum.gif in Resources */,
				3BCEBAB91FD8E92D00A7D858 /* Schneider_Electric.png in Resources */,
				3BCEBA831FD8E92D00A7D858 /* ITESO.png in Resources */,
				3BCEBA8F1FD8E92D00A7D858 /* Hackers and Founders.png in Resources */,
				3BCEBABB1FD8E92D00A7D858 /* Alestra.png in Resources */,
				3BCEBAB71FD8E92D00A7D858 /* InnoHub.png in Resources */,
				3BCEBA861FD8E92D00A7D858 /* UP.png in Resources */,
				3BCEBAC11FD8E92D00A7D858 /* Intel.png in Resources */,
				3BCEBAC31FD8E92D00A7D858 /* Svitla.png in Resources */,
				3BCEBAA71FD8E92D00A7D858 /* Interlatin.png in Resources */,
				3BCEBA8C1FD8E92D00A7D858 /* Telcel.png in Resources */,
				3BCEBAC51FD8E92D00A7D858 /* DELL.png in Resources */,
				3BCEBABA1FD8E92D00A7D858 /* Videns.png in Resources */,
				3BCEBA7F1FD8E92D00A7D858 /* Telefonica.png in Resources */,
				3BCEBAA91FD8E92D00A7D858 /* ccd.png in Resources */,
				3BCEBAB21FD8E92D00A7D858 /* COGNIZANT.png in Resources */,
				3BCEBA811FD8E92D00A7D858 /* Volteo.jpg in Resources */,
				3BCEBAA51FD8E92D00A7D858 /* HPE.png in Resources */,
				D15DF4A01FCF9DE600AA9E37 /* LaunchScreen.storyboard in Resources */,
				3BCEBA901FD8E92D00A7D858 /* CIDE.png in Resources */,
				3BCEBA851FD8E92D00A7D858 /* Sanmina.png in Resources */,
				3BCEBABC1FD8E92D00A7D858 /* Dassault System.png in Resources */,
				3BCEBA891FD8E92D00A7D858 /* Ooyala.jpg in Resources */,
				2CB0B1751FD4F50700027E23 /* impresion3d.jpg in Resources */,
				3BCEBA801FD8E92D00A7D858 /* IJALTI.png in Resources */,
				3BCEBAAD1FD8E92D00A7D858 /* CUTonala.jpg in Resources */,
				3BCEBABF1FD8E92D00A7D858 /* Telmex.png in Resources */,
				D17074FD1FCFA61C0072459A /* Artificial-Intelligence.jpg in Resources */,
				3BCEBAA21FD8E92D00A7D858 /* STMicro.png in Resources */,
				2CB0B1721FD4F50700027E23 /* vehiculosautonomos.jpg in Resources */,
				D15DF4B91FCFA46900AA9E37 /* cellComponents.xib in Resources */,
				3BCEBAD71FD8EB6700A7D858 /* ic_create.png in Resources */,
				3BCEBA9A1FD8E92D00A7D858 /* Meetroopers.png in Resources */,
				3BCEBAC41FD8E92D00A7D858 /* AMEXCAP.png in Resources */,
				D15DF49D1FCF9DE600AA9E37 /* Assets.xcassets in Resources */,
				3BCEBA841FD8E92D00A7D858 /* LuxSoft.png in Resources */,
				3BCEBA7A1FD8E92C00A7D858 /* ic_group.png in Resources */,
				3BCEBA7B1FD8E92D00A7D858 /* InComSpace.jpg in Resources */,
				3BCEBAA61FD8E92D00A7D858 /* GARTNER.png in Resources */,
				2CB0B1711FD4F50700027E23 /* redessociales.jpg in Resources */,
				3BCEBAAA1FD8E92D00A7D858 /* WIZELINE.png in Resources */,
				3BCEBAAF1FD8E92D00A7D858 /* GOPAC.png in Resources */,
				BE8780461FD8DF8F003B7CF0 /* fondoazul.png in Resources */,
				3BCEBA871FD8E92D00A7D858 /* startip.png in Resources */,
				3BCEBA821FD8E92D00A7D858 /* SOFTTEK.png in Resources */,
				3BCEBABD1FD8E92D00A7D858 /* DXC.png in Resources */,
				3BCEBA9D1FD8E92D00A7D858 /* IOTNET.png in Resources */,
				3BCEBAAC1FD8E92D00A7D858 /* AMDOCS.png in Resources */,
				3BCEBACD1FD8E92D00A7D858 /* Siemens.png in Resources */,
				3BCEBA7E1FD8E92D00A7D858 /* UMG.jpg in Resources */,
				3BCEBAB61FD8E92D00A7D858 /* OpenDataSoft.png in Resources */,
				3BCEBACA1FD8E92D00A7D858 /* Ayuntamiento.png in Resources */,
				3BCEBA951FD8E92D00A7D858 /* Microsoft.png in Resources */,
				F4E6D5CC1FD8D63E0049F42E /* comunidad_video.mp4 in Resources */,
				3BCEBAB51FD8E92D00A7D858 /* ConsuladoCND.png in Resources */,
				3BCEBA881FD8E92D00A7D858 /* ConsuladoUSA.png in Resources */,
				3BCEBAB81FD8E92D00A7D858 /* IEEE.png in Resources */,
				3BCEBAC21FD8E92D00A7D858 /* CONTINENTAL.png in Resources */,
				3BCEBA7D1FD8E92D00A7D858 /* IBM.png in Resources */,
				3BCEBA981FD8E92D00A7D858 /* Infineon.png in Resources */,
				3BCEBA791FD8E92C00A7D858 /* ic_keyboard_arrow_left.png in Resources */,
				2CB0B1731FD4F50700027E23 /* bigdata.jpg in Resources */,
				3BCEBAA11FD8E92D00A7D858 /* NXP.png in Resources */,
				2CB0B1741FD4F50700027E23 /* drones.png in Resources */,
				3BCEBA9B1FD8E92D00A7D858 /* CINVESTAV.gif in Resources */,
				3BCEBA911FD8E92D00A7D858 /* HCL.png in Resources */,
				2CB0B1761FD4F50700027E23 /* IoT.jpg in Resources */,
				3BCEBA8E1FD8E92D00A7D858 /* CIIOT.jpg in Resources */,
				3BCEBAD91FD8EBDB00A7D858 /* ic_dashboard.png in Resources */,
				3BCEBAB01FD8E92D00A7D858 /* UNIVA.png in Resources */,
				3BCEBA7C1FD8E92D00A7D858 /* THALES.png in Resources */,
				3BCEBABE1FD8E92D00A7D858 /* Egutz.jpg in Resources */,
				3BCEBA8A1FD8E92D00A7D858 /* ITESM.png in Resources */,
				D15DF4981FCF9DE600AA9E37 /* Main.storyboard in Resources */,
				3BCEBAC91FD8E92D00A7D858 /* City Banamex.png in Resources */,
				3BCEBAB41FD8E92D00A7D858 /* Modus_Link.png in Resources */,
				3BCEBA9F1FD8E92D00A7D858 /* Intkno.png in Resources */,
				3BCEBAAE1FD8E92D00A7D858 /* SICYT.jpg in Resources */,
				3BCEBAC01FD8E92D00A7D858 /* ACCENTURE.png in Resources */,
				3BCEBAD41FD8E9F400A7D858 /* participantsCellComponent.xib in Resources */,
				3BCEBAC81FD8E92D00A7D858 /* Jabil.png in Resources */,
				3BCEBA961FD8E92D00A7D858 /* EVOLUTEL.png in Resources */,
				3BCEBAA31FD8E92D00A7D858 /* Persistent.png in Resources */,
				3BCEBAA01FD8E92D00A7D858 /* CANIETI.png in Resources */,
			);
			runOnlyForDeploymentPostprocessing = 0;
		};
/* End PBXResourcesBuildPhase section */

/* Begin PBXShellScriptBuildPhase section */
		32E86A28642B474C94A10F29 /* [CP] Copy Pods Resources */ = {
			isa = PBXShellScriptBuildPhase;
			buildActionMask = 2147483647;
			files = (
			);
			inputPaths = (
			);
			name = "[CP] Copy Pods Resources";
			outputPaths = (
			);
			runOnlyForDeploymentPostprocessing = 0;
			shellPath = /bin/sh;
			shellScript = "\"${SRCROOT}/Pods/Target Support Files/Pods-TD/Pods-TD-resources.sh\"\n";
			showEnvVarsInLog = 0;
		};
		A0490A667DE1D57B02874421 /* [CP] Embed Pods Frameworks */ = {
			isa = PBXShellScriptBuildPhase;
			buildActionMask = 2147483647;
			files = (
			);
			inputPaths = (
			);
			name = "[CP] Embed Pods Frameworks";
			outputPaths = (
			);
			runOnlyForDeploymentPostprocessing = 0;
			shellPath = /bin/sh;
			shellScript = "\"${SRCROOT}/Pods/Target Support Files/Pods-TD/Pods-TD-frameworks.sh\"\n";
			showEnvVarsInLog = 0;
		};
		ECE0E96807D5EC6AB3E27C20 /* [CP] Check Pods Manifest.lock */ = {
			isa = PBXShellScriptBuildPhase;
			buildActionMask = 2147483647;
			files = (
			);
			inputPaths = (
				"${PODS_PODFILE_DIR_PATH}/Podfile.lock",
				"${PODS_ROOT}/Manifest.lock",
			);
			name = "[CP] Check Pods Manifest.lock";
			outputPaths = (
				"$(DERIVED_FILE_DIR)/Pods-TD-checkManifestLockResult.txt",
			);
			runOnlyForDeploymentPostprocessing = 0;
			shellPath = /bin/sh;
			shellScript = "diff \"${PODS_PODFILE_DIR_PATH}/Podfile.lock\" \"${PODS_ROOT}/Manifest.lock\" > /dev/null\nif [ $? != 0 ] ; then\n    # print error to STDERR\n    echo \"error: The sandbox is not in sync with the Podfile.lock. Run 'pod install' or update your CocoaPods installation.\" >&2\n    exit 1\nfi\n# This output is used by Xcode 'outputs' to avoid re-running this script phase.\necho \"SUCCESS\" > \"${SCRIPT_OUTPUT_FILE_0}\"\n";
			showEnvVarsInLog = 0;
		};
/* End PBXShellScriptBuildPhase section */

/* Begin PBXSourcesBuildPhase section */
		D15DF4891FCF9DE600AA9E37 /* Sources */ = {
			isa = PBXSourcesBuildPhase;
			buildActionMask = 2147483647;
			files = (
				D15DF4AD1FCFA18F00AA9E37 /* Participants.m in Sources */,
				D15DF4B81FCFA46900AA9E37 /* cellComponents.m in Sources */,
				D15DF4951FCF9DE600AA9E37 /* Components.m in Sources */,
				7EA477301FD1229200B9005D /* ComponentsDetails.m in Sources */,
				D15DF4921FCF9DE600AA9E37 /* AppDelegate.m in Sources */,
				3BCEBAD51FD8E9F400A7D858 /* participantsCellComponent.m in Sources */,
				F4E6D5D41FD8D7660049F42E /* InformationViewController.m in Sources */,
				BE8780491FD8E004003B7CF0 /* Register.m in Sources */,
				D15DF4B01FCFA1B900AA9E37 /* Funding.m in Sources */,
				D15DF4A31FCF9DE600AA9E37 /* main.m in Sources */,
				D15DF49B1FCF9DE600AA9E37 /* TD.xcdatamodeld in Sources */,
				BE87804C1FD8E058003B7CF0 /* WebServices.m in Sources */,
				F4E6D5D51FD8D7660049F42E /* TutorialViewController.m in Sources */,
				3BCEBAD01FD8E9A900A7D858 /* ParticipantsDetails.m in Sources */,
			);
			runOnlyForDeploymentPostprocessing = 0;
		};
/* End PBXSourcesBuildPhase section */

/* Begin PBXVariantGroup section */
		D15DF4961FCF9DE600AA9E37 /* Main.storyboard */ = {
			isa = PBXVariantGroup;
			children = (
				D15DF4971FCF9DE600AA9E37 /* Base */,
			);
			name = Main.storyboard;
			sourceTree = "<group>";
		};
		D15DF49E1FCF9DE600AA9E37 /* LaunchScreen.storyboard */ = {
			isa = PBXVariantGroup;
			children = (
				D15DF49F1FCF9DE600AA9E37 /* Base */,
			);
			name = LaunchScreen.storyboard;
			sourceTree = "<group>";
		};
/* End PBXVariantGroup section */

/* Begin XCBuildConfiguration section */
		D15DF4A41FCF9DE600AA9E37 /* Debug */ = {
			isa = XCBuildConfiguration;
			buildSettings = {
				ALWAYS_SEARCH_USER_PATHS = NO;
				CLANG_ANALYZER_NONNULL = YES;
				CLANG_ANALYZER_NUMBER_OBJECT_CONVERSION = YES_AGGRESSIVE;
				CLANG_CXX_LANGUAGE_STANDARD = "gnu++14";
				CLANG_CXX_LIBRARY = "libc++";
				CLANG_ENABLE_MODULES = YES;
				CLANG_ENABLE_OBJC_ARC = YES;
				CLANG_WARN_BLOCK_CAPTURE_AUTORELEASING = YES;
				CLANG_WARN_BOOL_CONVERSION = YES;
				CLANG_WARN_COMMA = YES;
				CLANG_WARN_CONSTANT_CONVERSION = YES;
				CLANG_WARN_DIRECT_OBJC_ISA_USAGE = YES_ERROR;
				CLANG_WARN_DOCUMENTATION_COMMENTS = YES;
				CLANG_WARN_EMPTY_BODY = YES;
				CLANG_WARN_ENUM_CONVERSION = YES;
				CLANG_WARN_INFINITE_RECURSION = YES;
				CLANG_WARN_INT_CONVERSION = YES;
				CLANG_WARN_NON_LITERAL_NULL_CONVERSION = YES;
				CLANG_WARN_OBJC_LITERAL_CONVERSION = YES;
				CLANG_WARN_OBJC_ROOT_CLASS = YES_ERROR;
				CLANG_WARN_RANGE_LOOP_ANALYSIS = YES;
				CLANG_WARN_STRICT_PROTOTYPES = YES;
				CLANG_WARN_SUSPICIOUS_MOVE = YES;
				CLANG_WARN_UNGUARDED_AVAILABILITY = YES_AGGRESSIVE;
				CLANG_WARN_UNREACHABLE_CODE = YES;
				CLANG_WARN__DUPLICATE_METHOD_MATCH = YES;
				CODE_SIGN_IDENTITY = "iPhone Developer";
				COPY_PHASE_STRIP = NO;
				DEBUG_INFORMATION_FORMAT = dwarf;
				ENABLE_STRICT_OBJC_MSGSEND = YES;
				ENABLE_TESTABILITY = YES;
				GCC_C_LANGUAGE_STANDARD = gnu11;
				GCC_DYNAMIC_NO_PIC = NO;
				GCC_NO_COMMON_BLOCKS = YES;
				GCC_OPTIMIZATION_LEVEL = 0;
				GCC_PREPROCESSOR_DEFINITIONS = (
					"DEBUG=1",
					"$(inherited)",
				);
				GCC_WARN_64_TO_32_BIT_CONVERSION = YES;
				GCC_WARN_ABOUT_RETURN_TYPE = YES_ERROR;
				GCC_WARN_UNDECLARED_SELECTOR = YES;
				GCC_WARN_UNINITIALIZED_AUTOS = YES_AGGRESSIVE;
				GCC_WARN_UNUSED_FUNCTION = YES;
				GCC_WARN_UNUSED_VARIABLE = YES;
				IPHONEOS_DEPLOYMENT_TARGET = 11.1;
				MTL_ENABLE_DEBUG_INFO = YES;
				ONLY_ACTIVE_ARCH = YES;
				SDKROOT = iphoneos;
			};
			name = Debug;
		};
		D15DF4A51FCF9DE600AA9E37 /* Release */ = {
			isa = XCBuildConfiguration;
			buildSettings = {
				ALWAYS_SEARCH_USER_PATHS = NO;
				CLANG_ANALYZER_NONNULL = YES;
				CLANG_ANALYZER_NUMBER_OBJECT_CONVERSION = YES_AGGRESSIVE;
				CLANG_CXX_LANGUAGE_STANDARD = "gnu++14";
				CLANG_CXX_LIBRARY = "libc++";
				CLANG_ENABLE_MODULES = YES;
				CLANG_ENABLE_OBJC_ARC = YES;
				CLANG_WARN_BLOCK_CAPTURE_AUTORELEASING = YES;
				CLANG_WARN_BOOL_CONVERSION = YES;
				CLANG_WARN_COMMA = YES;
				CLANG_WARN_CONSTANT_CONVERSION = YES;
				CLANG_WARN_DIRECT_OBJC_ISA_USAGE = YES_ERROR;
				CLANG_WARN_DOCUMENTATION_COMMENTS = YES;
				CLANG_WARN_EMPTY_BODY = YES;
				CLANG_WARN_ENUM_CONVERSION = YES;
				CLANG_WARN_INFINITE_RECURSION = YES;
				CLANG_WARN_INT_CONVERSION = YES;
				CLANG_WARN_NON_LITERAL_NULL_CONVERSION = YES;
				CLANG_WARN_OBJC_LITERAL_CONVERSION = YES;
				CLANG_WARN_OBJC_ROOT_CLASS = YES_ERROR;
				CLANG_WARN_RANGE_LOOP_ANALYSIS = YES;
				CLANG_WARN_STRICT_PROTOTYPES = YES;
				CLANG_WARN_SUSPICIOUS_MOVE = YES;
				CLANG_WARN_UNGUARDED_AVAILABILITY = YES_AGGRESSIVE;
				CLANG_WARN_UNREACHABLE_CODE = YES;
				CLANG_WARN__DUPLICATE_METHOD_MATCH = YES;
				CODE_SIGN_IDENTITY = "iPhone Developer";
				COPY_PHASE_STRIP = NO;
				DEBUG_INFORMATION_FORMAT = "dwarf-with-dsym";
				ENABLE_NS_ASSERTIONS = NO;
				ENABLE_STRICT_OBJC_MSGSEND = YES;
				GCC_C_LANGUAGE_STANDARD = gnu11;
				GCC_NO_COMMON_BLOCKS = YES;
				GCC_WARN_64_TO_32_BIT_CONVERSION = YES;
				GCC_WARN_ABOUT_RETURN_TYPE = YES_ERROR;
				GCC_WARN_UNDECLARED_SELECTOR = YES;
				GCC_WARN_UNINITIALIZED_AUTOS = YES_AGGRESSIVE;
				GCC_WARN_UNUSED_FUNCTION = YES;
				GCC_WARN_UNUSED_VARIABLE = YES;
				IPHONEOS_DEPLOYMENT_TARGET = 11.1;
				MTL_ENABLE_DEBUG_INFO = NO;
				SDKROOT = iphoneos;
				VALIDATE_PRODUCT = YES;
			};
			name = Release;
		};
		D15DF4A71FCF9DE600AA9E37 /* Debug */ = {
			isa = XCBuildConfiguration;
			baseConfigurationReference = 39016C62352ACA90EB10C460 /* Pods-TD.debug.xcconfig */;
			buildSettings = {
				ASSETCATALOG_COMPILER_APPICON_NAME = AppIcon;
				CODE_SIGN_STYLE = Manual;
				DEVELOPMENT_TEAM = "";
				INFOPLIST_FILE = TD/Info.plist;
				IPHONEOS_DEPLOYMENT_TARGET = 10.2;
				LD_RUNPATH_SEARCH_PATHS = "$(inherited) @executable_path/Frameworks";
				PRODUCT_BUNDLE_IDENTIFIER = com.uag.TD;
				PRODUCT_NAME = "$(TARGET_NAME)";
				PROVISIONING_PROFILE_SPECIFIER = "";
				TARGETED_DEVICE_FAMILY = "1,2";
			};
			name = Debug;
		};
		D15DF4A81FCF9DE600AA9E37 /* Release */ = {
			isa = XCBuildConfiguration;
			baseConfigurationReference = 643B1D6F72AAAE7126359476 /* Pods-TD.release.xcconfig */;
			buildSettings = {
				ASSETCATALOG_COMPILER_APPICON_NAME = AppIcon;
				CODE_SIGN_STYLE = Manual;
				DEVELOPMENT_TEAM = "";
				INFOPLIST_FILE = TD/Info.plist;
				IPHONEOS_DEPLOYMENT_TARGET = 10.2;
				LD_RUNPATH_SEARCH_PATHS = "$(inherited) @executable_path/Frameworks";
				PRODUCT_BUNDLE_IDENTIFIER = com.uag.TD;
				PRODUCT_NAME = "$(TARGET_NAME)";
				PROVISIONING_PROFILE_SPECIFIER = "";
				TARGETED_DEVICE_FAMILY = "1,2";
			};
			name = Release;
		};
/* End XCBuildConfiguration section */

/* Begin XCConfigurationList section */
		D15DF4881FCF9DE600AA9E37 /* Build configuration list for PBXProject "TD" */ = {
			isa = XCConfigurationList;
			buildConfigurations = (
				D15DF4A41FCF9DE600AA9E37 /* Debug */,
				D15DF4A51FCF9DE600AA9E37 /* Release */,
			);
			defaultConfigurationIsVisible = 0;
			defaultConfigurationName = Release;
		};
		D15DF4A61FCF9DE600AA9E37 /* Build configuration list for PBXNativeTarget "TD" */ = {
			isa = XCConfigurationList;
			buildConfigurations = (
				D15DF4A71FCF9DE600AA9E37 /* Debug */,
				D15DF4A81FCF9DE600AA9E37 /* Release */,
			);
			defaultConfigurationIsVisible = 0;
			defaultConfigurationName = Release;
		};
/* End XCConfigurationList section */

/* Begin XCVersionGroup section */
		D15DF4991FCF9DE600AA9E37 /* TD.xcdatamodeld */ = {
			isa = XCVersionGroup;
			children = (
				D15DF49A1FCF9DE600AA9E37 /* TD.xcdatamodel */,
			);
			currentVersion = D15DF49A1FCF9DE600AA9E37 /* TD.xcdatamodel */;
			path = TD.xcdatamodeld;
			sourceTree = "<group>";
			versionGroupType = wrapper.xcdatamodel;
		};
/* End XCVersionGroup section */
	};
	rootObject = D15DF4851FCF9DE600AA9E37 /* Project object */;
}
